
Microsoft Visual Studio Solution File, Format Version 12.00
# Visual Studio Version 17
VisualStudioVersion = 17.5.002.0
MinimumVisualStudioVersion = 10.0.40219.1
Project("{9A19103F-16F7-4668-BE54-9A1E7A4F7556}") = "MyGameFriday", "MyGameFriday.csproj", "{928512BF-5BE7-4D27-9495-8607EB67F1F5}"
EndProject
Global
	GlobalSection(SolutionConfigurationPlatforms) = preSolution
		Debug|Any CPU = Debug|Any CPU
		Release|Any CPU = Release|Any CPU
	EndGlobalSection
	GlobalSection(ProjectConfigurationPlatforms) = postSolution
		{928512BF-5BE7-4D27-9495-8607EB67F1F5}.Debug|Any CPU.ActiveCfg = Debug|Any CPU
		{928512BF-5BE7-4D27-9495-8607EB67F1F5}.Debug|Any CPU.Build.0 = Debug|Any CPU
		{928512BF-5BE7-4D27-9495-8607EB67F1F5}.Release|Any CPU.ActiveCfg = Release|Any CPU
		{928512BF-5BE7-4D27-9495-8607EB67F1F5}.Release|Any CPU.Build.0 = Release|Any CPU
	EndGlobalSection
	GlobalSection(SolutionProperties) = preSolution
		HideSolutionNode = FALSE
	EndGlobalSection
	GlobalSection(ExtensibilityGlobals) = postSolution
		SolutionGuid = {5DFA1D53-5EAE-4449-B91D-38750C01C80C}
	EndGlobalSection
EndGlobal
