
Microsoft Visual Studio Solution File, Format Version 12.00
# Visual Studio Version 17
VisualStudioVersion = 17.0.31903.59
MinimumVisualStudioVersion = 10.0.40219.1
Project("{FAE04EC0-301F-11D3-BF4B-00C04F79EFBC}") = "Chronos", "Chronos\Chronos.csproj", "{19FE8B4A-275A-4598-B869-D9586E625931}"
EndProject
Project("{FAE04EC0-301F-11D3-BF4B-00C04F79EFBC}") = "RandomTest", "RandomTest\RandomTest.csproj", "{ADB568B3-8136-4845-961A-0AE5D024CFC0}"
EndProject
Global
	GlobalSection(SolutionConfigurationPlatforms) = preSolution
		Debug|Any CPU = Debug|Any CPU
		Release|Any CPU = Release|Any CPU
	EndGlobalSection
	GlobalSection(SolutionProperties) = preSolution
		HideSolutionNode = FALSE
	EndGlobalSection
	GlobalSection(ProjectConfigurationPlatforms) = postSolution
		{19FE8B4A-275A-4598-B869-D9586E625931}.Debug|Any CPU.ActiveCfg = Debug|Any CPU
		{19FE8B4A-275A-4598-B869-D9586E625931}.Debug|Any CPU.Build.0 = Debug|Any CPU
		{19FE8B4A-275A-4598-B869-D9586E625931}.Release|Any CPU.ActiveCfg = Release|Any CPU
		{19FE8B4A-275A-4598-B869-D9586E625931}.Release|Any CPU.Build.0 = Release|Any CPU
		{ADB568B3-8136-4845-961A-0AE5D024CFC0}.Debug|Any CPU.ActiveCfg = Debug|Any CPU
		{ADB568B3-8136-4845-961A-0AE5D024CFC0}.Debug|Any CPU.Build.0 = Debug|Any CPU
		{ADB568B3-8136-4845-961A-0AE5D024CFC0}.Release|Any CPU.ActiveCfg = Release|Any CPU
		{ADB568B3-8136-4845-961A-0AE5D024CFC0}.Release|Any CPU.Build.0 = Release|Any CPU
	EndGlobalSection
EndGlobal
